
Microsoft Visual Studio Solution File, Format Version 12.00
# Visual Studio Version 17
VisualStudioVersion = 17.8.34511.84
MinimumVisualStudioVersion = 10.0.40219.1
Project("{FAE04EC0-301F-11D3-BF4B-00C04F79EFBC}") = "FJMAJACRHYCM", "FJMAJACRHYCM\FJMAJACRHYCM.csproj", "{51528B5A-EE99-41E3-9CDA-733F0DB02A3A}"
EndProject
Global
	GlobalSection(SolutionConfigurationPlatforms) = preSolution
		Debug|Any CPU = Debug|Any CPU
		Release|Any CPU = Release|Any CPU
	EndGlobalSection
	GlobalSection(ProjectConfigurationPlatforms) = postSolution
		{51528B5A-EE99-41E3-9CDA-733F0DB02A3A}.Debug|Any CPU.ActiveCfg = Debug|Any CPU
		{51528B5A-EE99-41E3-9CDA-733F0DB02A3A}.Debug|Any CPU.Build.0 = Debug|Any CPU
		{51528B5A-EE99-41E3-9CDA-733F0DB02A3A}.Release|Any CPU.ActiveCfg = Release|Any CPU
		{51528B5A-EE99-41E3-9CDA-733F0DB02A3A}.Release|Any CPU.Build.0 = Release|Any CPU
	EndGlobalSection
	GlobalSection(SolutionProperties) = preSolution
		HideSolutionNode = FALSE
	EndGlobalSection
	GlobalSection(ExtensibilityGlobals) = postSolution
		SolutionGuid = {E468A3DB-A5B0-4742-A290-2541DBFA0AA7}
	EndGlobalSection
EndGlobal
